# THIS IS AN AUTOGENERATED FILE. DO NOT EDIT THIS FILE DIRECTLY.
# yarn lockfile v1


immer@^8.0.1:
  version "8.0.1"
  resolved "https://registry.yarnpkg.com/immer/-/immer-8.0.1.tgz#9c73db683e2b3975c424fb0572af5889877ae656"
  integrity sha512-aqXhGP7//Gui2+UrEtvxZxSquQVXTpZ7KDxfCcKAF3Vysvw0CViVaW9RZ1j1xlIYqaaaipBoqdqeibkc18PNvA==
