# THIS IS AN AUTOGENERATED FILE. DO NOT EDIT THIS FILE DIRECTLY.
# yarn lockfile v1


immer@^9.0.6:
  version "9.0.6"
  resolved "https://registry.yarnpkg.com/immer/-/immer-9.0.6.tgz#7a96bf2674d06c8143e327cbf73539388ddf1a73"
  integrity sha512-G95ivKpy+EvVAnAab4fVa4YGYn24J1SpEktnJX7JJ45Bd7xqME/SCplFzYFmTbrkwZbQ4xJK1xMTUYBkN6pWsQ==
